// !$*UTF8*$!
{
	archiveVersion = 1;
	classes = {
	};
	objectVersion = 50;
	objects = {

/* Begin PBXBuildFile section */
		1C2413BE24BCD85D00095F22 /* AppDelegate.swift in Sources */ = {isa = PBXBuildFile; fileRef = 1C2413BD24BCD85D00095F22 /* AppDelegate.swift */; };
		1C2413C024BCD85D00095F22 /* SceneDelegate.swift in Sources */ = {isa = PBXBuildFile; fileRef = 1C2413BF24BCD85D00095F22 /* SceneDelegate.swift */; };
		1C2413C224BCD85D00095F22 /* ViewController.swift in Sources */ = {isa = PBXBuildFile; fileRef = 1C2413C124BCD85D00095F22 /* ViewController.swift */; };
		1C2413C524BCD85D00095F22 /* Main.storyboard in Resources */ = {isa = PBXBuildFile; fileRef = 1C2413C324BCD85D00095F22 /* Main.storyboard */; };
		1C2413C724BCD85F00095F22 /* Assets.xcassets in Resources */ = {isa = PBXBuildFile; fileRef = 1C2413C624BCD85F00095F22 /* Assets.xcassets */; };
		1C2413CA24BCD85F00095F22 /* LaunchScreen.storyboard in Resources */ = {isa = PBXBuildFile; fileRef = 1C2413C824BCD85F00095F22 /* LaunchScreen.storyboard */; };
		1C5BB0BC24D6DC5B009DCE7B /* CollectionViewController.swift in Sources */ = {isa = PBXBuildFile; fileRef = 1C5BB0BB24D6DC5B009DCE7B /* CollectionViewController.swift */; };
		1CA4F07424C41D1600FD3AB3 /* TableViewCell.swift in Sources */ = {isa = PBXBuildFile; fileRef = 1CA4F07224C41D1600FD3AB3 /* TableViewCell.swift */; };
		1CA4F07524C41D1600FD3AB3 /* TableViewCell.xib in Resources */ = {isa = PBXBuildFile; fileRef = 1CA4F07324C41D1600FD3AB3 /* TableViewCell.xib */; };
		1CB1E0E524E291B5001B0EA5 /* CollectionViewCell.swift in Sources */ = {isa = PBXBuildFile; fileRef = 1CB1E0E324E291B5001B0EA5 /* CollectionViewCell.swift */; };
		1CB1E0E624E291B5001B0EA5 /* CollectionViewCell.xib in Resources */ = {isa = PBXBuildFile; fileRef = 1CB1E0E424E291B5001B0EA5 /* CollectionViewCell.xib */; };
/* End PBXBuildFile section */

/* Begin PBXFileReference section */
		1C2413BA24BCD85D00095F22 /* Diffable Datasource sample.app */ = {isa = PBXFileReference; explicitFileType = wrapper.application; includeInIndex = 0; path = "Diffable Datasource sample.app"; sourceTree = BUILT_PRODUCTS_DIR; };
		1C2413BD24BCD85D00095F22 /* AppDelegate.swift */ = {isa = PBXFileReference; lastKnownFileType = sourcecode.swift; path = AppDelegate.swift; sourceTree = "<group>"; };
		1C2413BF24BCD85D00095F22 /* SceneDelegate.swift */ = {isa = PBXFileReference; lastKnownFileType = sourcecode.swift; path = SceneDelegate.swift; sourceTree = "<group>"; };
		1C2413C124BCD85D00095F22 /* ViewController.swift */ = {isa = PBXFileReference; lastKnownFileType = sourcecode.swift; path = ViewController.swift; sourceTree = "<group>"; };
		1C2413C424BCD85D00095F22 /* Base */ = {isa = PBXFileReference; lastKnownFileType = file.storyboard; name = Base; path = Base.lproj/Main.storyboard; sourceTree = "<group>"; };
		1C2413C624BCD85F00095F22 /* Assets.xcassets */ = {isa = PBXFileReference; lastKnownFileType = folder.assetcatalog; path = Assets.xcassets; sourceTree = "<group>"; };
		1C2413C924BCD85F00095F22 /* Base */ = {isa = PBXFileReference; lastKnownFileType = file.storyboard; name = Base; path = Base.lproj/LaunchScreen.storyboard; sourceTree = "<group>"; };
		1C2413CB24BCD85F00095F22 /* Info.plist */ = {isa = PBXFileReference; lastKnownFileType = text.plist.xml; path = Info.plist; sourceTree = "<group>"; };
		1C5BB0BB24D6DC5B009DCE7B /* CollectionViewController.swift */ = {isa = PBXFileReference; lastKnownFileType = sourcecode.swift; path = CollectionViewController.swift; sourceTree = "<group>"; };
		1CA4F07224C41D1600FD3AB3 /* TableViewCell.swift */ = {isa = PBXFileReference; lastKnownFileType = sourcecode.swift; path = TableViewCell.swift; sourceTree = "<group>"; };
		1CA4F07324C41D1600FD3AB3 /* TableViewCell.xib */ = {isa = PBXFileReference; lastKnownFileType = file.xib; path = TableViewCell.xib; sourceTree = "<group>"; };
		1CB1E0E324E291B5001B0EA5 /* CollectionViewCell.swift */ = {isa = PBXFileReference; lastKnownFileType = sourcecode.swift; path = CollectionViewCell.swift; sourceTree = "<group>"; };
		1CB1E0E424E291B5001B0EA5 /* CollectionViewCell.xib */ = {isa = PBXFileReference; lastKnownFileType = file.xib; path = CollectionViewCell.xib; sourceTree = "<group>"; };
/* End PBXFileReference section */

/* Begin PBXFrameworksBuildPhase section */
		1C2413B724BCD85D00095F22 /* Frameworks */ = {
			isa = PBXFrameworksBuildPhase;
			buildActionMask = 2147483647;
			files = (
			);
			runOnlyForDeploymentPostprocessing = 0;
		};
/* End PBXFrameworksBuildPhase section */

/* Begin PBXGroup section */
		1C2413B124BCD85D00095F22 = {
			isa = PBXGroup;
			children = (
				1C2413BC24BCD85D00095F22 /* Diffable Datasource sample */,
				1C2413BB24BCD85D00095F22 /* Products */,
			);
			sourceTree = "<group>";
		};
		1C2413BB24BCD85D00095F22 /* Products */ = {
			isa = PBXGroup;
			children = (
				1C2413BA24BCD85D00095F22 /* Diffable Datasource sample.app */,
			);
			name = Products;
			sourceTree = "<group>";
		};
		1C2413BC24BCD85D00095F22 /* Diffable Datasource sample */ = {
			isa = PBXGroup;
			children = (
				1C2413BD24BCD85D00095F22 /* AppDelegate.swift */,
				1C2413BF24BCD85D00095F22 /* SceneDelegate.swift */,
				1C2413C824BCD85F00095F22 /* LaunchScreen.storyboard */,
				1C2413C324BCD85D00095F22 /* Main.storyboard */,
				1C2413C124BCD85D00095F22 /* ViewController.swift */,
				1CA4F07224C41D1600FD3AB3 /* TableViewCell.swift */,
				1CA4F07324C41D1600FD3AB3 /* TableViewCell.xib */,
				1C5BB0BB24D6DC5B009DCE7B /* CollectionViewController.swift */,
				1CB1E0E324E291B5001B0EA5 /* CollectionViewCell.swift */,
				1CB1E0E424E291B5001B0EA5 /* CollectionViewCell.xib */,
				1C2413C624BCD85F00095F22 /* Assets.xcassets */,
				1C2413CB24BCD85F00095F22 /* Info.plist */,
			);
			path = "Diffable Datasource sample";
			sourceTree = "<group>";
		};
/* End PBXGroup section */

/* Begin PBXNativeTarget section */
		1C2413B924BCD85D00095F22 /* Diffable Datasource sample */ = {
			isa = PBXNativeTarget;
			buildConfigurationList = 1C2413CE24BCD85F00095F22 /* Build configuration list for PBXNativeTarget "Diffable Datasource sample" */;
			buildPhases = (
				1C2413B624BCD85D00095F22 /* Sources */,
				1C2413B724BCD85D00095F22 /* Frameworks */,
				1C2413B824BCD85D00095F22 /* Resources */,
			);
			buildRules = (
			);
			dependencies = (
			);
			name = "Diffable Datasource sample";
			productName = "Diffable Datasource sample";
			productReference = 1C2413BA24BCD85D00095F22 /* Diffable Datasource sample.app */;
			productType = "com.apple.product-type.application";
		};
/* End PBXNativeTarget section */

/* Begin PBXProject section */
		1C2413B224BCD85D00095F22 /* Project object */ = {
			isa = PBXProject;
			attributes = {
				LastSwiftUpdateCheck = 1120;
				LastUpgradeCheck = 1120;
				ORGANIZATIONNAME = "Mallow Technologies";
				TargetAttributes = {
					1C2413B924BCD85D00095F22 = {
						CreatedOnToolsVersion = 11.2.1;
					};
				};
			};
			buildConfigurationList = 1C2413B524BCD85D00095F22 /* Build configuration list for PBXProject "Diffable Datasource sample" */;
			compatibilityVersion = "Xcode 9.3";
			developmentRegion = en;
			hasScannedForEncodings = 0;
			knownRegions = (
				en,
				Base,
			);
			mainGroup = 1C2413B124BCD85D00095F22;
			productRefGroup = 1C2413BB24BCD85D00095F22 /* Products */;
			projectDirPath = "";
			projectRoot = "";
			targets = (
				1C2413B924BCD85D00095F22 /* Diffable Datasource sample */,
			);
		};
/* End PBXProject section */

/* Begin PBXResourcesBuildPhase section */
		1C2413B824BCD85D00095F22 /* Resources */ = {
			isa = PBXResourcesBuildPhase;
			buildActionMask = 2147483647;
			files = (
				1C2413CA24BCD85F00095F22 /* LaunchScreen.storyboard in Resources */,
				1CA4F07524C41D1600FD3AB3 /* TableViewCell.xib in Resources */,
				1C2413C724BCD85F00095F22 /* Assets.xcassets in Resources */,
				1C2413C524BCD85D00095F22 /* Main.storyboard in Resources */,
				1CB1E0E624E291B5001B0EA5 /* CollectionViewCell.xib in Resources */,
			);
			runOnlyForDeploymentPostprocessing = 0;
		};
/* End PBXResourcesBuildPhase section */

/* Begin PBXSourcesBuildPhase section */
		1C2413B624BCD85D00095F22 /* Sources */ = {
			isa = PBXSourcesBuildPhase;
			buildActionMask = 2147483647;
			files = (
				1C2413C224BCD85D00095F22 /* ViewController.swift in Sources */,
				1CA4F07424C41D1600FD3AB3 /* TableViewCell.swift in Sources */,
				1CB1E0E524E291B5001B0EA5 /* CollectionViewCell.swift in Sources */,
				1C2413BE24BCD85D00095F22 /* AppDelegate.swift in Sources */,
				1C2413C024BCD85D00095F22 /* SceneDelegate.swift in Sources */,
				1C5BB0BC24D6DC5B009DCE7B /* CollectionViewController.swift in Sources */,
			);
			runOnlyForDeploymentPostprocessing = 0;
		};
/* End PBXSourcesBuildPhase section */

/* Begin PBXVariantGroup section */
		1C2413C324BCD85D00095F22 /* Main.storyboard */ = {
			isa = PBXVariantGroup;
			children = (
				1C2413C424BCD85D00095F22 /* Base */,
			);
			name = Main.storyboard;
			sourceTree = "<group>";
		};
		1C2413C824BCD85F00095F22 /* LaunchScreen.storyboard */ = {
			isa = PBXVariantGroup;
			children = (
				1C2413C924BCD85F00095F22 /* Base */,
			);
			name = LaunchScreen.storyboard;
			sourceTree = "<group>";
		};
/* End PBXVariantGroup section */

/* Begin XCBuildConfiguration section */
		1C2413CC24BCD85F00095F22 /* Debug */ = {
			isa = XCBuildConfiguration;
			buildSettings = {
				ALWAYS_SEARCH_USER_PATHS = NO;
				CLANG_ANALYZER_NONNULL = YES;
				CLANG_ANALYZER_NUMBER_OBJECT_CONVERSION = YES_AGGRESSIVE;
				CLANG_CXX_LANGUAGE_STANDARD = "gnu++14";
				CLANG_CXX_LIBRARY = "libc++";
				CLANG_ENABLE_MODULES = YES;
				CLANG_ENABLE_OBJC_ARC = YES;
				CLANG_ENABLE_OBJC_WEAK = YES;
				CLANG_WARN_BLOCK_CAPTURE_AUTORELEASING = YES;
				CLANG_WARN_BOOL_CONVERSION = YES;
				CLANG_WARN_COMMA = YES;
				CLANG_WARN_CONSTANT_CONVERSION = YES;
				CLANG_WARN_DEPRECATED_OBJC_IMPLEMENTATIONS = YES;
				CLANG_WARN_DIRECT_OBJC_ISA_USAGE = YES_ERROR;
				CLANG_WARN_DOCUMENTATION_COMMENTS = YES;
				CLANG_WARN_EMPTY_BODY = YES;
				CLANG_WARN_ENUM_CONVERSION = YES;
				CLANG_WARN_INFINITE_RECURSION = YES;
				CLANG_WARN_INT_CONVERSION = YES;
				CLANG_WARN_NON_LITERAL_NULL_CONVERSION = YES;
				CLANG_WARN_OBJC_IMPLICIT_RETAIN_SELF = YES;
				CLANG_WARN_OBJC_LITERAL_CONVERSION = YES;
				CLANG_WARN_OBJC_ROOT_CLASS = YES_ERROR;
				CLANG_WARN_RANGE_LOOP_ANALYSIS = YES;
				CLANG_WARN_STRICT_PROTOTYPES = YES;
				CLANG_WARN_SUSPICIOUS_MOVE = YES;
				CLANG_WARN_UNGUARDED_AVAILABILITY = YES_AGGRESSIVE;
				CLANG_WARN_UNREACHABLE_CODE = YES;
				CLANG_WARN__DUPLICATE_METHOD_MATCH = YES;
				COPY_PHASE_STRIP = NO;
				DEBUG_INFORMATION_FORMAT = dwarf;
				ENABLE_STRICT_OBJC_MSGSEND = YES;
				ENABLE_TESTABILITY = YES;
				GCC_C_LANGUAGE_STANDARD = gnu11;
				GCC_DYNAMIC_NO_PIC = NO;
				GCC_NO_COMMON_BLOCKS = YES;
				GCC_OPTIMIZATION_LEVEL = 0;
				GCC_PREPROCESSOR_DEFINITIONS = (
					"DEBUG=1",
					"$(inherited)",
				);
				GCC_WARN_64_TO_32_BIT_CONVERSION = YES;
				GCC_WARN_ABOUT_RETURN_TYPE = YES_ERROR;
				GCC_WARN_UNDECLARED_SELECTOR = YES;
				GCC_WARN_UNINITIALIZED_AUTOS = YES_AGGRESSIVE;
				GCC_WARN_UNUSED_FUNCTION = YES;
				GCC_WARN_UNUSED_VARIABLE = YES;
				IPHONEOS_DEPLOYMENT_TARGET = 13.2;
				MTL_ENABLE_DEBUG_INFO = INCLUDE_SOURCE;
				MTL_FAST_MATH = YES;
				ONLY_ACTIVE_ARCH = YES;
				SDKROOT = iphoneos;
				SWIFT_ACTIVE_COMPILATION_CONDITIONS = DEBUG;
				SWIFT_OPTIMIZATION_LEVEL = "-Onone";
			};
			name = Debug;
		};
		1C2413CD24BCD85F00095F22 /* Release */ = {
			isa = XCBuildConfiguration;
			buildSettings = {
				ALWAYS_SEARCH_USER_PATHS = NO;
				CLANG_ANALYZER_NONNULL = YES;
				CLANG_ANALYZER_NUMBER_OBJECT_CONVERSION = YES_AGGRESSIVE;
				CLANG_CXX_LANGUAGE_STANDARD = "gnu++14";
				CLANG_CXX_LIBRARY = "libc++";
				CLANG_ENABLE_MODULES = YES;
				CLANG_ENABLE_OBJC_ARC = YES;
				CLANG_ENABLE_OBJC_WEAK = YES;
				CLANG_WARN_BLOCK_CAPTURE_AUTORELEASING = YES;
				CLANG_WARN_BOOL_CONVERSION = YES;
				CLANG_WARN_COMMA = YES;
				CLANG_WARN_CONSTANT_CONVERSION = YES;
				CLANG_WARN_DEPRECATED_OBJC_IMPLEMENTATIONS = YES;
				CLANG_WARN_DIRECT_OBJC_ISA_USAGE = YES_ERROR;
				CLANG_WARN_DOCUMENTATION_COMMENTS = YES;
				CLANG_WARN_EMPTY_BODY = YES;
				CLANG_WARN_ENUM_CONVERSION = YES;
				CLANG_WARN_INFINITE_RECURSION = YES;
				CLANG_WARN_INT_CONVERSION = YES;
				CLANG_WARN_NON_LITERAL_NULL_CONVERSION = YES;
				CLANG_WARN_OBJC_IMPLICIT_RETAIN_SELF = YES;
				CLANG_WARN_OBJC_LITERAL_CONVERSION = YES;
				CLANG_WARN_OBJC_ROOT_CLASS = YES_ERROR;
				CLANG_WARN_RANGE_LOOP_ANALYSIS = YES;
				CLANG_WARN_STRICT_PROTOTYPES = YES;
				CLANG_WARN_SUSPICIOUS_MOVE = YES;
				CLANG_WARN_UNGUARDED_AVAILABILITY = YES_AGGRESSIVE;
				CLANG_WARN_UNREACHABLE_CODE = YES;
				CLANG_WARN__DUPLICATE_METHOD_MATCH = YES;
				COPY_PHASE_STRIP = NO;
				DEBUG_INFORMATION_FORMAT = "dwarf-with-dsym";
				ENABLE_NS_ASSERTIONS = NO;
				ENABLE_STRICT_OBJC_MSGSEND = YES;
				GCC_C_LANGUAGE_STANDARD = gnu11;
				GCC_NO_COMMON_BLOCKS = YES;
				GCC_WARN_64_TO_32_BIT_CONVERSION = YES;
				GCC_WARN_ABOUT_RETURN_TYPE = YES_ERROR;
				GCC_WARN_UNDECLARED_SELECTOR = YES;
				GCC_WARN_UNINITIALIZED_AUTOS = YES_AGGRESSIVE;
				GCC_WARN_UNUSED_FUNCTION = YES;
				GCC_WARN_UNUSED_VARIABLE = YES;
				IPHONEOS_DEPLOYMENT_TARGET = 13.2;
				MTL_ENABLE_DEBUG_INFO = NO;
				MTL_FAST_MATH = YES;
				SDKROOT = iphoneos;
				SWIFT_COMPILATION_MODE = wholemodule;
				SWIFT_OPTIMIZATION_LEVEL = "-O";
				VALIDATE_PRODUCT = YES;
			};
			name = Release;
		};
		1C2413CF24BCD85F00095F22 /* Debug */ = {
			isa = XCBuildConfiguration;
			buildSettings = {
				ASSETCATALOG_COMPILER_APPICON_NAME = AppIcon;
				CODE_SIGN_STYLE = Automatic;
				INFOPLIST_FILE = "Diffable Datasource sample/Info.plist";
				LD_RUNPATH_SEARCH_PATHS = (
					"$(inherited)",
					"@executable_path/Frameworks",
				);
				PRODUCT_BUNDLE_IDENTIFIER = "com.mallow-technologies.Diffable-Datasource-sample";
				PRODUCT_NAME = "$(TARGET_NAME)";
				SWIFT_VERSION = 5.0;
				TARGETED_DEVICE_FAMILY = "1,2";
			};
			name = Debug;
		};
		1C2413D024BCD85F00095F22 /* Release */ = {
			isa = XCBuildConfiguration;
			buildSettings = {
				ASSETCATALOG_COMPILER_APPICON_NAME = AppIcon;
				CODE_SIGN_STYLE = Automatic;
				INFOPLIST_FILE = "Diffable Datasource sample/Info.plist";
				LD_RUNPATH_SEARCH_PATHS = (
					"$(inherited)",
					"@executable_path/Frameworks",
				);
				PRODUCT_BUNDLE_IDENTIFIER = "com.mallow-technologies.Diffable-Datasource-sample";
				PRODUCT_NAME = "$(TARGET_NAME)";
				SWIFT_VERSION = 5.0;
				TARGETED_DEVICE_FAMILY = "1,2";
			};
			name = Release;
		};
/* End XCBuildConfiguration section */

/* Begin XCConfigurationList section */
		1C2413B524BCD85D00095F22 /* Build configuration list for PBXProject "Diffable Datasource sample" */ = {
			isa = XCConfigurationList;
			buildConfigurations = (
				1C2413CC24BCD85F00095F22 /* Debug */,
				1C2413CD24BCD85F00095F22 /* Release */,
			);
			defaultConfigurationIsVisible = 0;
			defaultConfigurationName = Release;
		};
		1C2413CE24BCD85F00095F22 /* Build configuration list for PBXNativeTarget "Diffable Datasource sample" */ = {
			isa = XCConfigurationList;
			buildConfigurations = (
				1C2413CF24BCD85F00095F22 /* Debug */,
				1C2413D024BCD85F00095F22 /* Release */,
			);
			defaultConfigurationIsVisible = 0;
			defaultConfigurationName = Release;
		};
/* End XCConfigurationList section */
	};
	rootObject = 1C2413B224BCD85D00095F22 /* Project object */;
}
